
Microsoft Visual Studio Solution File, Format Version 12.00
# Visual Studio Version 17
VisualStudioVersion = 17.8.34330.188
MinimumVisualStudioVersion = 10.0.40219.1
Project("{FAE04EC0-301F-11D3-BF4B-00C04F79EFBC}") = "Project01", "Project01\Project01.csproj", "{76A92303-0AF2-40AE-B9BD-46CC174FB1A6}"
EndProject
Global
	GlobalSection(SolutionConfigurationPlatforms) = preSolution
		Debug|Any CPU = Debug|Any CPU
		Release|Any CPU = Release|Any CPU
	EndGlobalSection
	GlobalSection(ProjectConfigurationPlatforms) = postSolution
		{76A92303-0AF2-40AE-B9BD-46CC174FB1A6}.Debug|Any CPU.ActiveCfg = Debug|Any CPU
		{76A92303-0AF2-40AE-B9BD-46CC174FB1A6}.Debug|Any CPU.Build.0 = Debug|Any CPU
		{76A92303-0AF2-40AE-B9BD-46CC174FB1A6}.Release|Any CPU.ActiveCfg = Release|Any CPU
		{76A92303-0AF2-40AE-B9BD-46CC174FB1A6}.Release|Any CPU.Build.0 = Release|Any CPU
	EndGlobalSection
	GlobalSection(SolutionProperties) = preSolution
		HideSolutionNode = FALSE
	EndGlobalSection
	GlobalSection(ExtensibilityGlobals) = postSolution
		SolutionGuid = {5021EF5C-0570-4563-9948-8F5AC15CE7C7}
	EndGlobalSection
EndGlobal
